
Microsoft Visual Studio Solution File, Format Version 12.00
# Visual Studio Version 17
VisualStudioVersion = 17.14.36127.28 d17.14
MinimumVisualStudioVersion = 10.0.40219.1
Project("{FAE04EC0-301F-11D3-BF4B-00C04F79EFBC}") = "SigoWebApp", "SigoWebApp.csproj", "{7B58481B-8834-4901-AEE6-C05715C42FBC}"
EndProject
Global
	GlobalSection(SolutionConfigurationPlatforms) = preSolution
		Debug|Any CPU = Debug|Any CPU
		Release|Any CPU = Release|Any CPU
	EndGlobalSection
	GlobalSection(ProjectConfigurationPlatforms) = postSolution
		{7B58481B-8834-4901-AEE6-C05715C42FBC}.Debug|Any CPU.ActiveCfg = Debug|Any CPU
		{7B58481B-8834-4901-AEE6-C05715C42FBC}.Debug|Any CPU.Build.0 = Debug|Any CPU
		{7B58481B-8834-4901-AEE6-C05715C42FBC}.Release|Any CPU.ActiveCfg = Release|Any CPU
		{7B58481B-8834-4901-AEE6-C05715C42FBC}.Release|Any CPU.Build.0 = Release|Any CPU
	EndGlobalSection
	GlobalSection(SolutionProperties) = preSolution
		HideSolutionNode = FALSE
	EndGlobalSection
	GlobalSection(ExtensibilityGlobals) = postSolution
		SolutionGuid = {918642A8-EEDB-403B-802E-FD7B9D2B1BC5}
	EndGlobalSection
EndGlobal
